{
  "originHash" : "890c6749a93763ec2c4ec233a8330177fc6574113734d3f6c414678637175140",
  "pins" : [
    {
      "identity" : "keyboardshortcuts",
      "kind" : "remoteSourceControl",
      "location" : "https://github.com/sindresorhus/KeyboardShortcuts",
      "state" : {
        "revision" : "9369a045a72a5296150879781321aecd228171db",
        "version" : "2.1.0"
      }
    },
    {
      "identity" : "launchatlogin-modern",
      "kind" : "remoteSourceControl",
      "location" : "https://github.com/sindresorhus/LaunchAtLogin-Modern",
      "state" : {
        "branch" : "main",
        "revision" : "a04ec1c363be3627734f6dad757d82f5d4fa8fcc"
      }
    }
  ],
  "version" : 3
}
